
Microsoft Visual Studio Solution File, Format Version 12.00
# Visual Studio Version 16
VisualStudioVersion = 16.0.31911.196
MinimumVisualStudioVersion = 10.0.40219.1
Project("{8BC9CEB8-8B4A-11D0-8D11-00A0C91BC942}") = "Lab6z6", "Lab6z6\Lab6z6.vcxproj", "{15637D40-22A8-4084-9FD2-C35F989562A2}"
EndProject
Global
	GlobalSection(SolutionConfigurationPlatforms) = preSolution
		Debug|x64 = Debug|x64
		Debug|x86 = Debug|x86
		Release|x64 = Release|x64
		Release|x86 = Release|x86
	EndGlobalSection
	GlobalSection(ProjectConfigurationPlatforms) = postSolution
		{15637D40-22A8-4084-9FD2-C35F989562A2}.Debug|x64.ActiveCfg = Debug|x64
		{15637D40-22A8-4084-9FD2-C35F989562A2}.Debug|x64.Build.0 = Debug|x64
		{15637D40-22A8-4084-9FD2-C35F989562A2}.Debug|x86.ActiveCfg = Debug|Win32
		{15637D40-22A8-4084-9FD2-C35F989562A2}.Debug|x86.Build.0 = Debug|Win32
		{15637D40-22A8-4084-9FD2-C35F989562A2}.Release|x64.ActiveCfg = Release|x64
		{15637D40-22A8-4084-9FD2-C35F989562A2}.Release|x64.Build.0 = Release|x64
		{15637D40-22A8-4084-9FD2-C35F989562A2}.Release|x86.ActiveCfg = Release|Win32
		{15637D40-22A8-4084-9FD2-C35F989562A2}.Release|x86.Build.0 = Release|Win32
	EndGlobalSection
	GlobalSection(SolutionProperties) = preSolution
		HideSolutionNode = FALSE
	EndGlobalSection
	GlobalSection(ExtensibilityGlobals) = postSolution
		SolutionGuid = {642CE55F-B911-4EEF-89BC-C2EDD7530743}
	EndGlobalSection
EndGlobal
